
Microsoft Visual Studio Solution File, Format Version 12.00
# Visual Studio Version 16
VisualStudioVersion = 16.0.30204.135
MinimumVisualStudioVersion = 10.0.40219.1
Project("{FAE04EC0-301F-11D3-BF4B-00C04F79EFBC}") = "лаба 9", "лаба 9\лаба 9.csproj", "{53C004EB-8A21-4028-BA95-356A64E28F34}"
EndProject
Global
	GlobalSection(SolutionConfigurationPlatforms) = preSolution
		Debug|Any CPU = Debug|Any CPU
		Release|Any CPU = Release|Any CPU
	EndGlobalSection
	GlobalSection(ProjectConfigurationPlatforms) = postSolution
		{53C004EB-8A21-4028-BA95-356A64E28F34}.Debug|Any CPU.ActiveCfg = Debug|Any CPU
		{53C004EB-8A21-4028-BA95-356A64E28F34}.Debug|Any CPU.Build.0 = Debug|Any CPU
		{53C004EB-8A21-4028-BA95-356A64E28F34}.Release|Any CPU.ActiveCfg = Release|Any CPU
		{53C004EB-8A21-4028-BA95-356A64E28F34}.Release|Any CPU.Build.0 = Release|Any CPU
	EndGlobalSection
	GlobalSection(SolutionProperties) = preSolution
		HideSolutionNode = FALSE
	EndGlobalSection
	GlobalSection(ExtensibilityGlobals) = postSolution
		SolutionGuid = {5031E4B5-309A-4E2C-A74F-866D7F80E052}
	EndGlobalSection
EndGlobal
